// !$*UTF8*$!
{
	archiveVersion = 1;
	classes = {
	};
	objectVersion = 50;
	objects = {

/* Begin PBXBuildFile section */
		B18FC48926954ABF007B8301 /* AnimalListItemView.swift in Sources */ = {isa = PBXBuildFile; fileRef = B18FC48826954ABF007B8301 /* AnimalListItemView.swift */; };
		B18FC48B26954C05007B8301 /* AnimalsModel.swift in Sources */ = {isa = PBXBuildFile; fileRef = B18FC48A26954C05007B8301 /* AnimalsModel.swift */; };
		B18FC48F2696BB23007B8301 /* AnimalDetailView.swift in Sources */ = {isa = PBXBuildFile; fileRef = B18FC48E2696BB23007B8301 /* AnimalDetailView.swift */; };
		B18FC4912696BD63007B8301 /* HeadingView.swift in Sources */ = {isa = PBXBuildFile; fileRef = B18FC4902696BD63007B8301 /* HeadingView.swift */; };
		B18FC4932696C1FB007B8301 /* InsentGalleryView.swift in Sources */ = {isa = PBXBuildFile; fileRef = B18FC4922696C1FB007B8301 /* InsentGalleryView.swift */; };
		B18FC4952696F408007B8301 /* InsentFactView.swift in Sources */ = {isa = PBXBuildFile; fileRef = B18FC4942696F408007B8301 /* InsentFactView.swift */; };
		B18FC4972696F8A1007B8301 /* InsentMapView.swift in Sources */ = {isa = PBXBuildFile; fileRef = B18FC4962696F8A1007B8301 /* InsentMapView.swift */; };
		B18FC4992697003E007B8301 /* ExternalWebLinkView.swift in Sources */ = {isa = PBXBuildFile; fileRef = B18FC4982697003E007B8301 /* ExternalWebLinkView.swift */; };
		B18FC4DC269C565A007B8301 /* AnimalVideoModel.swift in Sources */ = {isa = PBXBuildFile; fileRef = B18FC4DB269C565A007B8301 /* AnimalVideoModel.swift */; };
		B18FC4DE269C5699007B8301 /* VideoListItemView.swift in Sources */ = {isa = PBXBuildFile; fileRef = B18FC4DD269C5699007B8301 /* VideoListItemView.swift */; };
		B1974118269421AB00A453E5 /* Africa_AppApp.swift in Sources */ = {isa = PBXBuildFile; fileRef = B1974117269421AB00A453E5 /* Africa_AppApp.swift */; };
		B197411A269421AB00A453E5 /* ContentView.swift in Sources */ = {isa = PBXBuildFile; fileRef = B1974119269421AB00A453E5 /* ContentView.swift */; };
		B197411C269421AF00A453E5 /* Assets.xcassets in Resources */ = {isa = PBXBuildFile; fileRef = B197411B269421AF00A453E5 /* Assets.xcassets */; };
		B197411F269421AF00A453E5 /* Preview Assets.xcassets in Resources */ = {isa = PBXBuildFile; fileRef = B197411E269421AF00A453E5 /* Preview Assets.xcassets */; };
		B197413C2694238500A453E5 /* lioness.mp4 in Resources */ = {isa = PBXBuildFile; fileRef = B19741322694238200A453E5 /* lioness.mp4 */; };
		B197413D2694238500A453E5 /* ostrich.mp4 in Resources */ = {isa = PBXBuildFile; fileRef = B19741332694238200A453E5 /* ostrich.mp4 */; };
		B197413E2694238500A453E5 /* rhino.mp4 in Resources */ = {isa = PBXBuildFile; fileRef = B19741342694238300A453E5 /* rhino.mp4 */; };
		B197413F2694238500A453E5 /* cheetah.mp4 in Resources */ = {isa = PBXBuildFile; fileRef = B19741352694238300A453E5 /* cheetah.mp4 */; };
		B19741402694238500A453E5 /* giraffe.mp4 in Resources */ = {isa = PBXBuildFile; fileRef = B19741362694238300A453E5 /* giraffe.mp4 */; };
		B19741412694238500A453E5 /* zebra.mp4 in Resources */ = {isa = PBXBuildFile; fileRef = B19741372694238400A453E5 /* zebra.mp4 */; };
		B19741422694238500A453E5 /* hippo.mp4 in Resources */ = {isa = PBXBuildFile; fileRef = B19741382694238400A453E5 /* hippo.mp4 */; };
		B19741432694238500A453E5 /* elephant.mp4 in Resources */ = {isa = PBXBuildFile; fileRef = B19741392694238400A453E5 /* elephant.mp4 */; };
		B19741442694238500A453E5 /* gorilla.mp4 in Resources */ = {isa = PBXBuildFile; fileRef = B197413A2694238500A453E5 /* gorilla.mp4 */; };
		B19741452694238500A453E5 /* lion.mp4 in Resources */ = {isa = PBXBuildFile; fileRef = B197413B2694238500A453E5 /* lion.mp4 */; };
		B197414B269423BA00A453E5 /* covers.json in Resources */ = {isa = PBXBuildFile; fileRef = B1974147269423B900A453E5 /* covers.json */; };
		B197414C269423BA00A453E5 /* videos.json in Resources */ = {isa = PBXBuildFile; fileRef = B1974148269423B900A453E5 /* videos.json */; };
		B197414D269423BA00A453E5 /* animals.json in Resources */ = {isa = PBXBuildFile; fileRef = B1974149269423B900A453E5 /* animals.json */; };
		B197414E269423BA00A453E5 /* locations.json in Resources */ = {isa = PBXBuildFile; fileRef = B197414A269423BA00A453E5 /* locations.json */; };
		B19741522694259D00A453E5 /* VideoListView.swift in Sources */ = {isa = PBXBuildFile; fileRef = B19741512694259D00A453E5 /* VideoListView.swift */; };
		B1974154269425A800A453E5 /* MapView.swift in Sources */ = {isa = PBXBuildFile; fileRef = B1974153269425A800A453E5 /* MapView.swift */; };
		B1974156269425C400A453E5 /* GalleryView.swift in Sources */ = {isa = PBXBuildFile; fileRef = B1974155269425C400A453E5 /* GalleryView.swift */; };
		B1974158269425D700A453E5 /* MainView.swift in Sources */ = {isa = PBXBuildFile; fileRef = B1974157269425D700A453E5 /* MainView.swift */; };
		B197415B2694265500A453E5 /* LocalazibleStrings.swift in Sources */ = {isa = PBXBuildFile; fileRef = B197415A2694265500A453E5 /* LocalazibleStrings.swift */; };
		B197415D2694266600A453E5 /* LocalazibleImages.swift in Sources */ = {isa = PBXBuildFile; fileRef = B197415C2694266600A453E5 /* LocalazibleImages.swift */; };
		B197416026942BDC00A453E5 /* CoverImageView.swift in Sources */ = {isa = PBXBuildFile; fileRef = B197415F26942BDC00A453E5 /* CoverImageView.swift */; };
		B197416326942E4A00A453E5 /* CoverImageModel.swift in Sources */ = {isa = PBXBuildFile; fileRef = B197416226942E4A00A453E5 /* CoverImageModel.swift */; };
		B19741662694301400A453E5 /* CodableBundleExtension .swift in Sources */ = {isa = PBXBuildFile; fileRef = B19741652694301400A453E5 /* CodableBundleExtension .swift */; };
/* End PBXBuildFile section */

/* Begin PBXFileReference section */
		B18FC48826954ABF007B8301 /* AnimalListItemView.swift */ = {isa = PBXFileReference; lastKnownFileType = sourcecode.swift; path = AnimalListItemView.swift; sourceTree = "<group>"; };
		B18FC48A26954C05007B8301 /* AnimalsModel.swift */ = {isa = PBXFileReference; lastKnownFileType = sourcecode.swift; path = AnimalsModel.swift; sourceTree = "<group>"; };
		B18FC48E2696BB23007B8301 /* AnimalDetailView.swift */ = {isa = PBXFileReference; lastKnownFileType = sourcecode.swift; path = AnimalDetailView.swift; sourceTree = "<group>"; };
		B18FC4902696BD63007B8301 /* HeadingView.swift */ = {isa = PBXFileReference; lastKnownFileType = sourcecode.swift; path = HeadingView.swift; sourceTree = "<group>"; };
		B18FC4922696C1FB007B8301 /* InsentGalleryView.swift */ = {isa = PBXFileReference; lastKnownFileType = sourcecode.swift; path = InsentGalleryView.swift; sourceTree = "<group>"; };
		B18FC4942696F408007B8301 /* InsentFactView.swift */ = {isa = PBXFileReference; lastKnownFileType = sourcecode.swift; path = InsentFactView.swift; sourceTree = "<group>"; };
		B18FC4962696F8A1007B8301 /* InsentMapView.swift */ = {isa = PBXFileReference; lastKnownFileType = sourcecode.swift; path = InsentMapView.swift; sourceTree = "<group>"; };
		B18FC4982697003E007B8301 /* ExternalWebLinkView.swift */ = {isa = PBXFileReference; lastKnownFileType = sourcecode.swift; path = ExternalWebLinkView.swift; sourceTree = "<group>"; };
		B18FC4DB269C565A007B8301 /* AnimalVideoModel.swift */ = {isa = PBXFileReference; lastKnownFileType = sourcecode.swift; path = AnimalVideoModel.swift; sourceTree = "<group>"; };
		B18FC4DD269C5699007B8301 /* VideoListItemView.swift */ = {isa = PBXFileReference; lastKnownFileType = sourcecode.swift; path = VideoListItemView.swift; sourceTree = "<group>"; };
		B1974114269421AB00A453E5 /* Africa-App.app */ = {isa = PBXFileReference; explicitFileType = wrapper.application; includeInIndex = 0; path = "Africa-App.app"; sourceTree = BUILT_PRODUCTS_DIR; };
		B1974117269421AB00A453E5 /* Africa_AppApp.swift */ = {isa = PBXFileReference; lastKnownFileType = sourcecode.swift; path = Africa_AppApp.swift; sourceTree = "<group>"; };
		B1974119269421AB00A453E5 /* ContentView.swift */ = {isa = PBXFileReference; lastKnownFileType = sourcecode.swift; path = ContentView.swift; sourceTree = "<group>"; };
		B197411B269421AF00A453E5 /* Assets.xcassets */ = {isa = PBXFileReference; lastKnownFileType = folder.assetcatalog; path = Assets.xcassets; sourceTree = "<group>"; };
		B197411E269421AF00A453E5 /* Preview Assets.xcassets */ = {isa = PBXFileReference; lastKnownFileType = folder.assetcatalog; path = "Preview Assets.xcassets"; sourceTree = "<group>"; };
		B1974120269421AF00A453E5 /* Info.plist */ = {isa = PBXFileReference; lastKnownFileType = text.plist.xml; path = Info.plist; sourceTree = "<group>"; };
		B19741322694238200A453E5 /* lioness.mp4 */ = {isa = PBXFileReference; lastKnownFileType = file; path = lioness.mp4; sourceTree = "<group>"; };
		B19741332694238200A453E5 /* ostrich.mp4 */ = {isa = PBXFileReference; lastKnownFileType = file; path = ostrich.mp4; sourceTree = "<group>"; };
		B19741342694238300A453E5 /* rhino.mp4 */ = {isa = PBXFileReference; lastKnownFileType = file; path = rhino.mp4; sourceTree = "<group>"; };
		B19741352694238300A453E5 /* cheetah.mp4 */ = {isa = PBXFileReference; lastKnownFileType = file; path = cheetah.mp4; sourceTree = "<group>"; };
		B19741362694238300A453E5 /* giraffe.mp4 */ = {isa = PBXFileReference; lastKnownFileType = file; path = giraffe.mp4; sourceTree = "<group>"; };
		B19741372694238400A453E5 /* zebra.mp4 */ = {isa = PBXFileReference; lastKnownFileType = file; path = zebra.mp4; sourceTree = "<group>"; };
		B19741382694238400A453E5 /* hippo.mp4 */ = {isa = PBXFileReference; lastKnownFileType = file; path = hippo.mp4; sourceTree = "<group>"; };
		B19741392694238400A453E5 /* elephant.mp4 */ = {isa = PBXFileReference; lastKnownFileType = file; path = elephant.mp4; sourceTree = "<group>"; };
		B197413A2694238500A453E5 /* gorilla.mp4 */ = {isa = PBXFileReference; lastKnownFileType = file; path = gorilla.mp4; sourceTree = "<group>"; };
		B197413B2694238500A453E5 /* lion.mp4 */ = {isa = PBXFileReference; lastKnownFileType = file; path = lion.mp4; sourceTree = "<group>"; };
		B1974147269423B900A453E5 /* covers.json */ = {isa = PBXFileReference; fileEncoding = 4; lastKnownFileType = text.json; path = covers.json; sourceTree = "<group>"; };
		B1974148269423B900A453E5 /* videos.json */ = {isa = PBXFileReference; fileEncoding = 4; lastKnownFileType = text.json; path = videos.json; sourceTree = "<group>"; };
		B1974149269423B900A453E5 /* animals.json */ = {isa = PBXFileReference; fileEncoding = 4; lastKnownFileType = text.json; path = animals.json; sourceTree = "<group>"; };
		B197414A269423BA00A453E5 /* locations.json */ = {isa = PBXFileReference; fileEncoding = 4; lastKnownFileType = text.json; path = locations.json; sourceTree = "<group>"; };
		B19741512694259D00A453E5 /* VideoListView.swift */ = {isa = PBXFileReference; lastKnownFileType = sourcecode.swift; path = VideoListView.swift; sourceTree = "<group>"; };
		B1974153269425A800A453E5 /* MapView.swift */ = {isa = PBXFileReference; lastKnownFileType = sourcecode.swift; path = MapView.swift; sourceTree = "<group>"; };
		B1974155269425C400A453E5 /* GalleryView.swift */ = {isa = PBXFileReference; lastKnownFileType = sourcecode.swift; path = GalleryView.swift; sourceTree = "<group>"; };
		B1974157269425D700A453E5 /* MainView.swift */ = {isa = PBXFileReference; lastKnownFileType = sourcecode.swift; path = MainView.swift; sourceTree = "<group>"; };
		B197415A2694265500A453E5 /* LocalazibleStrings.swift */ = {isa = PBXFileReference; lastKnownFileType = sourcecode.swift; path = LocalazibleStrings.swift; sourceTree = "<group>"; };
		B197415C2694266600A453E5 /* LocalazibleImages.swift */ = {isa = PBXFileReference; lastKnownFileType = sourcecode.swift; path = LocalazibleImages.swift; sourceTree = "<group>"; };
		B197415F26942BDC00A453E5 /* CoverImageView.swift */ = {isa = PBXFileReference; lastKnownFileType = sourcecode.swift; path = CoverImageView.swift; sourceTree = "<group>"; };
		B197416226942E4A00A453E5 /* CoverImageModel.swift */ = {isa = PBXFileReference; lastKnownFileType = sourcecode.swift; path = CoverImageModel.swift; sourceTree = "<group>"; };
		B19741652694301400A453E5 /* CodableBundleExtension .swift */ = {isa = PBXFileReference; lastKnownFileType = sourcecode.swift; path = "CodableBundleExtension .swift"; sourceTree = "<group>"; };
/* End PBXFileReference section */

/* Begin PBXFrameworksBuildPhase section */
		B1974111269421AB00A453E5 /* Frameworks */ = {
			isa = PBXFrameworksBuildPhase;
			buildActionMask = 2147483647;
			files = (
			);
			runOnlyForDeploymentPostprocessing = 0;
		};
/* End PBXFrameworksBuildPhase section */

/* Begin PBXGroup section */
		B197410B269421AA00A453E5 = {
			isa = PBXGroup;
			children = (
				B1974116269421AB00A453E5 /* Africa-App */,
				B1974115269421AB00A453E5 /* Products */,
			);
			sourceTree = "<group>";
		};
		B1974115269421AB00A453E5 /* Products */ = {
			isa = PBXGroup;
			children = (
				B1974114269421AB00A453E5 /* Africa-App.app */,
			);
			name = Products;
			sourceTree = "<group>";
		};
		B1974116269421AB00A453E5 /* Africa-App */ = {
			isa = PBXGroup;
			children = (
				B19741642694300300A453E5 /* Extension */,
				B197416126942E3700A453E5 /* Model */,
				B197415E26942BCA00A453E5 /* Views */,
				B19741592694263300A453E5 /* Localazible */,
				B19741462694239C00A453E5 /* Data */,
				B19741312694234E00A453E5 /* Videos */,
				B19741502694255600A453E5 /* App */,
				B197411B269421AF00A453E5 /* Assets.xcassets */,
				B1974120269421AF00A453E5 /* Info.plist */,
				B197411D269421AF00A453E5 /* Preview Content */,
			);
			path = "Africa-App";
			sourceTree = "<group>";
		};
		B197411D269421AF00A453E5 /* Preview Content */ = {
			isa = PBXGroup;
			children = (
				B197411E269421AF00A453E5 /* Preview Assets.xcassets */,
			);
			path = "Preview Content";
			sourceTree = "<group>";
		};
		B19741312694234E00A453E5 /* Videos */ = {
			isa = PBXGroup;
			children = (
				B19741352694238300A453E5 /* cheetah.mp4 */,
				B19741392694238400A453E5 /* elephant.mp4 */,
				B19741362694238300A453E5 /* giraffe.mp4 */,
				B197413A2694238500A453E5 /* gorilla.mp4 */,
				B19741382694238400A453E5 /* hippo.mp4 */,
				B197413B2694238500A453E5 /* lion.mp4 */,
				B19741322694238200A453E5 /* lioness.mp4 */,
				B19741332694238200A453E5 /* ostrich.mp4 */,
				B19741342694238300A453E5 /* rhino.mp4 */,
				B19741372694238400A453E5 /* zebra.mp4 */,
			);
			path = Videos;
			sourceTree = "<group>";
		};
		B19741462694239C00A453E5 /* Data */ = {
			isa = PBXGroup;
			children = (
				B1974149269423B900A453E5 /* animals.json */,
				B1974147269423B900A453E5 /* covers.json */,
				B197414A269423BA00A453E5 /* locations.json */,
				B1974148269423B900A453E5 /* videos.json */,
			);
			path = Data;
			sourceTree = "<group>";
		};
		B19741502694255600A453E5 /* App */ = {
			isa = PBXGroup;
			children = (
				B1974117269421AB00A453E5 /* Africa_AppApp.swift */,
				B1974119269421AB00A453E5 /* ContentView.swift */,
				B19741512694259D00A453E5 /* VideoListView.swift */,
				B1974153269425A800A453E5 /* MapView.swift */,
				B1974155269425C400A453E5 /* GalleryView.swift */,
				B1974157269425D700A453E5 /* MainView.swift */,
			);
			path = App;
			sourceTree = "<group>";
		};
		B19741592694263300A453E5 /* Localazible */ = {
			isa = PBXGroup;
			children = (
				B197415A2694265500A453E5 /* LocalazibleStrings.swift */,
				B197415C2694266600A453E5 /* LocalazibleImages.swift */,
			);
			path = Localazible;
			sourceTree = "<group>";
		};
		B197415E26942BCA00A453E5 /* Views */ = {
			isa = PBXGroup;
			children = (
				B197415F26942BDC00A453E5 /* CoverImageView.swift */,
				B18FC48826954ABF007B8301 /* AnimalListItemView.swift */,
				B18FC48E2696BB23007B8301 /* AnimalDetailView.swift */,
				B18FC4902696BD63007B8301 /* HeadingView.swift */,
				B18FC4922696C1FB007B8301 /* InsentGalleryView.swift */,
				B18FC4942696F408007B8301 /* InsentFactView.swift */,
				B18FC4962696F8A1007B8301 /* InsentMapView.swift */,
				B18FC4982697003E007B8301 /* ExternalWebLinkView.swift */,
				B18FC4DD269C5699007B8301 /* VideoListItemView.swift */,
			);
			path = Views;
			sourceTree = "<group>";
		};
		B197416126942E3700A453E5 /* Model */ = {
			isa = PBXGroup;
			children = (
				B197416226942E4A00A453E5 /* CoverImageModel.swift */,
				B18FC48A26954C05007B8301 /* AnimalsModel.swift */,
				B18FC4DB269C565A007B8301 /* AnimalVideoModel.swift */,
			);
			path = Model;
			sourceTree = "<group>";
		};
		B19741642694300300A453E5 /* Extension */ = {
			isa = PBXGroup;
			children = (
				B19741652694301400A453E5 /* CodableBundleExtension .swift */,
			);
			path = Extension;
			sourceTree = "<group>";
		};
/* End PBXGroup section */

/* Begin PBXNativeTarget section */
		B1974113269421AB00A453E5 /* Africa-App */ = {
			isa = PBXNativeTarget;
			buildConfigurationList = B1974123269421B000A453E5 /* Build configuration list for PBXNativeTarget "Africa-App" */;
			buildPhases = (
				B1974110269421AB00A453E5 /* Sources */,
				B1974111269421AB00A453E5 /* Frameworks */,
				B1974112269421AB00A453E5 /* Resources */,
			);
			buildRules = (
			);
			dependencies = (
			);
			name = "Africa-App";
			productName = "Africa-App";
			productReference = B1974114269421AB00A453E5 /* Africa-App.app */;
			productType = "com.apple.product-type.application";
		};
/* End PBXNativeTarget section */

/* Begin PBXProject section */
		B197410C269421AB00A453E5 /* Project object */ = {
			isa = PBXProject;
			attributes = {
				LastSwiftUpdateCheck = 1250;
				LastUpgradeCheck = 1250;
				TargetAttributes = {
					B1974113269421AB00A453E5 = {
						CreatedOnToolsVersion = 12.5.1;
					};
				};
			};
			buildConfigurationList = B197410F269421AB00A453E5 /* Build configuration list for PBXProject "Africa-App" */;
			compatibilityVersion = "Xcode 9.3";
			developmentRegion = en;
			hasScannedForEncodings = 0;
			knownRegions = (
				en,
				Base,
			);
			mainGroup = B197410B269421AA00A453E5;
			productRefGroup = B1974115269421AB00A453E5 /* Products */;
			projectDirPath = "";
			projectRoot = "";
			targets = (
				B1974113269421AB00A453E5 /* Africa-App */,
			);
		};
/* End PBXProject section */

/* Begin PBXResourcesBuildPhase section */
		B1974112269421AB00A453E5 /* Resources */ = {
			isa = PBXResourcesBuildPhase;
			buildActionMask = 2147483647;
			files = (
				B197414D269423BA00A453E5 /* animals.json in Resources */,
				B197414B269423BA00A453E5 /* covers.json in Resources */,
				B197414E269423BA00A453E5 /* locations.json in Resources */,
				B197411F269421AF00A453E5 /* Preview Assets.xcassets in Resources */,
				B19741452694238500A453E5 /* lion.mp4 in Resources */,
				B197414C269423BA00A453E5 /* videos.json in Resources */,
				B19741422694238500A453E5 /* hippo.mp4 in Resources */,
				B197411C269421AF00A453E5 /* Assets.xcassets in Resources */,
				B197413F2694238500A453E5 /* cheetah.mp4 in Resources */,
				B197413D2694238500A453E5 /* ostrich.mp4 in Resources */,
				B19741412694238500A453E5 /* zebra.mp4 in Resources */,
				B197413E2694238500A453E5 /* rhino.mp4 in Resources */,
				B19741402694238500A453E5 /* giraffe.mp4 in Resources */,
				B19741432694238500A453E5 /* elephant.mp4 in Resources */,
				B197413C2694238500A453E5 /* lioness.mp4 in Resources */,
				B19741442694238500A453E5 /* gorilla.mp4 in Resources */,
			);
			runOnlyForDeploymentPostprocessing = 0;
		};
/* End PBXResourcesBuildPhase section */

/* Begin PBXSourcesBuildPhase section */
		B1974110269421AB00A453E5 /* Sources */ = {
			isa = PBXSourcesBuildPhase;
			buildActionMask = 2147483647;
			files = (
				B197411A269421AB00A453E5 /* ContentView.swift in Sources */,
				B18FC4912696BD63007B8301 /* HeadingView.swift in Sources */,
				B18FC4972696F8A1007B8301 /* InsentMapView.swift in Sources */,
				B18FC4DC269C565A007B8301 /* AnimalVideoModel.swift in Sources */,
				B18FC4952696F408007B8301 /* InsentFactView.swift in Sources */,
				B18FC48F2696BB23007B8301 /* AnimalDetailView.swift in Sources */,
				B1974158269425D700A453E5 /* MainView.swift in Sources */,
				B197415D2694266600A453E5 /* LocalazibleImages.swift in Sources */,
				B18FC48926954ABF007B8301 /* AnimalListItemView.swift in Sources */,
				B18FC4DE269C5699007B8301 /* VideoListItemView.swift in Sources */,
				B1974154269425A800A453E5 /* MapView.swift in Sources */,
				B19741662694301400A453E5 /* CodableBundleExtension .swift in Sources */,
				B197416026942BDC00A453E5 /* CoverImageView.swift in Sources */,
				B197416326942E4A00A453E5 /* CoverImageModel.swift in Sources */,
				B18FC48B26954C05007B8301 /* AnimalsModel.swift in Sources */,
				B1974118269421AB00A453E5 /* Africa_AppApp.swift in Sources */,
				B19741522694259D00A453E5 /* VideoListView.swift in Sources */,
				B18FC4992697003E007B8301 /* ExternalWebLinkView.swift in Sources */,
				B1974156269425C400A453E5 /* GalleryView.swift in Sources */,
				B18FC4932696C1FB007B8301 /* InsentGalleryView.swift in Sources */,
				B197415B2694265500A453E5 /* LocalazibleStrings.swift in Sources */,
			);
			runOnlyForDeploymentPostprocessing = 0;
		};
/* End PBXSourcesBuildPhase section */

/* Begin XCBuildConfiguration section */
		B1974121269421AF00A453E5 /* Debug */ = {
			isa = XCBuildConfiguration;
			buildSettings = {
				ALWAYS_SEARCH_USER_PATHS = NO;
				CLANG_ANALYZER_NONNULL = YES;
				CLANG_ANALYZER_NUMBER_OBJECT_CONVERSION = YES_AGGRESSIVE;
				CLANG_CXX_LANGUAGE_STANDARD = "gnu++14";
				CLANG_CXX_LIBRARY = "libc++";
				CLANG_ENABLE_MODULES = YES;
				CLANG_ENABLE_OBJC_ARC = YES;
				CLANG_ENABLE_OBJC_WEAK = YES;
				CLANG_WARN_BLOCK_CAPTURE_AUTORELEASING = YES;
				CLANG_WARN_BOOL_CONVERSION = YES;
				CLANG_WARN_COMMA = YES;
				CLANG_WARN_CONSTANT_CONVERSION = YES;
				CLANG_WARN_DEPRECATED_OBJC_IMPLEMENTATIONS = YES;
				CLANG_WARN_DIRECT_OBJC_ISA_USAGE = YES_ERROR;
				CLANG_WARN_DOCUMENTATION_COMMENTS = YES;
				CLANG_WARN_EMPTY_BODY = YES;
				CLANG_WARN_ENUM_CONVERSION = YES;
				CLANG_WARN_INFINITE_RECURSION = YES;
				CLANG_WARN_INT_CONVERSION = YES;
				CLANG_WARN_NON_LITERAL_NULL_CONVERSION = YES;
				CLANG_WARN_OBJC_IMPLICIT_RETAIN_SELF = YES;
				CLANG_WARN_OBJC_LITERAL_CONVERSION = YES;
				CLANG_WARN_OBJC_ROOT_CLASS = YES_ERROR;
				CLANG_WARN_QUOTED_INCLUDE_IN_FRAMEWORK_HEADER = YES;
				CLANG_WARN_RANGE_LOOP_ANALYSIS = YES;
				CLANG_WARN_STRICT_PROTOTYPES = YES;
				CLANG_WARN_SUSPICIOUS_MOVE = YES;
				CLANG_WARN_UNGUARDED_AVAILABILITY = YES_AGGRESSIVE;
				CLANG_WARN_UNREACHABLE_CODE = YES;
				CLANG_WARN__DUPLICATE_METHOD_MATCH = YES;
				COPY_PHASE_STRIP = NO;
				DEBUG_INFORMATION_FORMAT = dwarf;
				ENABLE_STRICT_OBJC_MSGSEND = YES;
				ENABLE_TESTABILITY = YES;
				GCC_C_LANGUAGE_STANDARD = gnu11;
				GCC_DYNAMIC_NO_PIC = NO;
				GCC_NO_COMMON_BLOCKS = YES;
				GCC_OPTIMIZATION_LEVEL = 0;
				GCC_PREPROCESSOR_DEFINITIONS = (
					"DEBUG=1",
					"$(inherited)",
				);
				GCC_WARN_64_TO_32_BIT_CONVERSION = YES;
				GCC_WARN_ABOUT_RETURN_TYPE = YES_ERROR;
				GCC_WARN_UNDECLARED_SELECTOR = YES;
				GCC_WARN_UNINITIALIZED_AUTOS = YES_AGGRESSIVE;
				GCC_WARN_UNUSED_FUNCTION = YES;
				GCC_WARN_UNUSED_VARIABLE = YES;
				IPHONEOS_DEPLOYMENT_TARGET = 14.5;
				MTL_ENABLE_DEBUG_INFO = INCLUDE_SOURCE;
				MTL_FAST_MATH = YES;
				ONLY_ACTIVE_ARCH = YES;
				SDKROOT = iphoneos;
				SWIFT_ACTIVE_COMPILATION_CONDITIONS = DEBUG;
				SWIFT_OPTIMIZATION_LEVEL = "-Onone";
			};
			name = Debug;
		};
		B1974122269421B000A453E5 /* Release */ = {
			isa = XCBuildConfiguration;
			buildSettings = {
				ALWAYS_SEARCH_USER_PATHS = NO;
				CLANG_ANALYZER_NONNULL = YES;
				CLANG_ANALYZER_NUMBER_OBJECT_CONVERSION = YES_AGGRESSIVE;
				CLANG_CXX_LANGUAGE_STANDARD = "gnu++14";
				CLANG_CXX_LIBRARY = "libc++";
				CLANG_ENABLE_MODULES = YES;
				CLANG_ENABLE_OBJC_ARC = YES;
				CLANG_ENABLE_OBJC_WEAK = YES;
				CLANG_WARN_BLOCK_CAPTURE_AUTORELEASING = YES;
				CLANG_WARN_BOOL_CONVERSION = YES;
				CLANG_WARN_COMMA = YES;
				CLANG_WARN_CONSTANT_CONVERSION = YES;
				CLANG_WARN_DEPRECATED_OBJC_IMPLEMENTATIONS = YES;
				CLANG_WARN_DIRECT_OBJC_ISA_USAGE = YES_ERROR;
				CLANG_WARN_DOCUMENTATION_COMMENTS = YES;
				CLANG_WARN_EMPTY_BODY = YES;
				CLANG_WARN_ENUM_CONVERSION = YES;
				CLANG_WARN_INFINITE_RECURSION = YES;
				CLANG_WARN_INT_CONVERSION = YES;
				CLANG_WARN_NON_LITERAL_NULL_CONVERSION = YES;
				CLANG_WARN_OBJC_IMPLICIT_RETAIN_SELF = YES;
				CLANG_WARN_OBJC_LITERAL_CONVERSION = YES;
				CLANG_WARN_OBJC_ROOT_CLASS = YES_ERROR;
				CLANG_WARN_QUOTED_INCLUDE_IN_FRAMEWORK_HEADER = YES;
				CLANG_WARN_RANGE_LOOP_ANALYSIS = YES;
				CLANG_WARN_STRICT_PROTOTYPES = YES;
				CLANG_WARN_SUSPICIOUS_MOVE = YES;
				CLANG_WARN_UNGUARDED_AVAILABILITY = YES_AGGRESSIVE;
				CLANG_WARN_UNREACHABLE_CODE = YES;
				CLANG_WARN__DUPLICATE_METHOD_MATCH = YES;
				COPY_PHASE_STRIP = NO;
				DEBUG_INFORMATION_FORMAT = "dwarf-with-dsym";
				ENABLE_NS_ASSERTIONS = NO;
				ENABLE_STRICT_OBJC_MSGSEND = YES;
				GCC_C_LANGUAGE_STANDARD = gnu11;
				GCC_NO_COMMON_BLOCKS = YES;
				GCC_WARN_64_TO_32_BIT_CONVERSION = YES;
				GCC_WARN_ABOUT_RETURN_TYPE = YES_ERROR;
				GCC_WARN_UNDECLARED_SELECTOR = YES;
				GCC_WARN_UNINITIALIZED_AUTOS = YES_AGGRESSIVE;
				GCC_WARN_UNUSED_FUNCTION = YES;
				GCC_WARN_UNUSED_VARIABLE = YES;
				IPHONEOS_DEPLOYMENT_TARGET = 14.5;
				MTL_ENABLE_DEBUG_INFO = NO;
				MTL_FAST_MATH = YES;
				SDKROOT = iphoneos;
				SWIFT_COMPILATION_MODE = wholemodule;
				SWIFT_OPTIMIZATION_LEVEL = "-O";
				VALIDATE_PRODUCT = YES;
			};
			name = Release;
		};
		B1974124269421B000A453E5 /* Debug */ = {
			isa = XCBuildConfiguration;
			buildSettings = {
				ASSETCATALOG_COMPILER_APPICON_NAME = AppIcon;
				ASSETCATALOG_COMPILER_GLOBAL_ACCENT_COLOR_NAME = AccentColor;
				CODE_SIGN_STYLE = Automatic;
				DEVELOPMENT_ASSET_PATHS = "\"Africa-App/Preview Content\"";
				DEVELOPMENT_TEAM = PDZ6P2ZV22;
				ENABLE_PREVIEWS = YES;
				INFOPLIST_FILE = "Africa-App/Info.plist";
				IPHONEOS_DEPLOYMENT_TARGET = 14.0;
				LD_RUNPATH_SEARCH_PATHS = (
					"$(inherited)",
					"@executable_path/Frameworks",
				);
				PRODUCT_BUNDLE_IDENTIFIER = "victorLee.com.Africa-App";
				PRODUCT_NAME = "$(TARGET_NAME)";
				SWIFT_VERSION = 5.0;
				TARGETED_DEVICE_FAMILY = "1,2";
			};
			name = Debug;
		};
		B1974125269421B000A453E5 /* Release */ = {
			isa = XCBuildConfiguration;
			buildSettings = {
				ASSETCATALOG_COMPILER_APPICON_NAME = AppIcon;
				ASSETCATALOG_COMPILER_GLOBAL_ACCENT_COLOR_NAME = AccentColor;
				CODE_SIGN_STYLE = Automatic;
				DEVELOPMENT_ASSET_PATHS = "\"Africa-App/Preview Content\"";
				DEVELOPMENT_TEAM = PDZ6P2ZV22;
				ENABLE_PREVIEWS = YES;
				INFOPLIST_FILE = "Africa-App/Info.plist";
				IPHONEOS_DEPLOYMENT_TARGET = 14.0;
				LD_RUNPATH_SEARCH_PATHS = (
					"$(inherited)",
					"@executable_path/Frameworks",
				);
				PRODUCT_BUNDLE_IDENTIFIER = "victorLee.com.Africa-App";
				PRODUCT_NAME = "$(TARGET_NAME)";
				SWIFT_VERSION = 5.0;
				TARGETED_DEVICE_FAMILY = "1,2";
			};
			name = Release;
		};
/* End XCBuildConfiguration section */

/* Begin XCConfigurationList section */
		B197410F269421AB00A453E5 /* Build configuration list for PBXProject "Africa-App" */ = {
			isa = XCConfigurationList;
			buildConfigurations = (
				B1974121269421AF00A453E5 /* Debug */,
				B1974122269421B000A453E5 /* Release */,
			);
			defaultConfigurationIsVisible = 0;
			defaultConfigurationName = Release;
		};
		B1974123269421B000A453E5 /* Build configuration list for PBXNativeTarget "Africa-App" */ = {
			isa = XCConfigurationList;
			buildConfigurations = (
				B1974124269421B000A453E5 /* Debug */,
				B1974125269421B000A453E5 /* Release */,
			);
			defaultConfigurationIsVisible = 0;
			defaultConfigurationName = Release;
		};
/* End XCConfigurationList section */
	};
	rootObject = B197410C269421AB00A453E5 /* Project object */;
}
